
Microsoft Visual Studio Solution File, Format Version 11.00
# Visual C# Express 2010
Project("{FAE04EC0-301F-11D3-BF4B-00C04F79EFBC}") = "VK_base", "VK_base\VK_base.csproj", "{F1FF5F34-9DAA-4814-9385-67F9289EE179}"
EndProject
Global
	GlobalSection(SolutionConfigurationPlatforms) = preSolution
		Debug|x86 = Debug|x86
		Release|x86 = Release|x86
	EndGlobalSection
	GlobalSection(ProjectConfigurationPlatforms) = postSolution
		{F1FF5F34-9DAA-4814-9385-67F9289EE179}.Debug|x86.ActiveCfg = Debug|x86
		{F1FF5F34-9DAA-4814-9385-67F9289EE179}.Debug|x86.Build.0 = Debug|x86
		{F1FF5F34-9DAA-4814-9385-67F9289EE179}.Release|x86.ActiveCfg = Release|x86
		{F1FF5F34-9DAA-4814-9385-67F9289EE179}.Release|x86.Build.0 = Release|x86
	EndGlobalSection
	GlobalSection(SolutionProperties) = preSolution
		HideSolutionNode = FALSE
	EndGlobalSection
EndGlobal
